
Microsoft Visual Studio Solution File, Format Version 12.00
# Visual Studio Version 16
VisualStudioVersion = 16.0.32002.261
MinimumVisualStudioVersion = 10.0.40219.1
Project("{FAE04EC0-301F-11D3-BF4B-00C04F79EFBC}") = "p2pDemo", "p2pDemo\p2pDemo.csproj", "{5C6F4371-7A42-4BEE-A21E-0F85533D89F1}"
EndProject
Global
	GlobalSection(SolutionConfigurationPlatforms) = preSolution
		Debug|Any CPU = Debug|Any CPU
		Release|Any CPU = Release|Any CPU
	EndGlobalSection
	GlobalSection(ProjectConfigurationPlatforms) = postSolution
		{5C6F4371-7A42-4BEE-A21E-0F85533D89F1}.Debug|Any CPU.ActiveCfg = Debug|Any CPU
		{5C6F4371-7A42-4BEE-A21E-0F85533D89F1}.Debug|Any CPU.Build.0 = Debug|Any CPU
		{5C6F4371-7A42-4BEE-A21E-0F85533D89F1}.Release|Any CPU.ActiveCfg = Release|Any CPU
		{5C6F4371-7A42-4BEE-A21E-0F85533D89F1}.Release|Any CPU.Build.0 = Release|Any CPU
	EndGlobalSection
	GlobalSection(SolutionProperties) = preSolution
		HideSolutionNode = FALSE
	EndGlobalSection
	GlobalSection(ExtensibilityGlobals) = postSolution
		SolutionGuid = {00A2F04E-432B-46C1-B9C2-2F31B9D5E24C}
	EndGlobalSection
EndGlobal
